# This file is automatically @generated by Poetry 1.5.1 and should not be changed by hand.

[[package]]
name = "random11"
version = "0.0.1"
description = "str int"
optional = false
python-versions = "*"
files = [
    {file = "random11-0.0.1-py3-none-any.whl", hash = "sha256:162e77431c55692d1b335ee5e354f2f8fbb00691a95c7e37be90790cc47b3e5e"},
    {file = "random11-0.0.1.tar.gz", hash = "sha256:eebf9090d88087dafcce829aa8d5a692ae93b93108e2c299f8b99bad95e27461"},
]

[metadata]
lock-version = "2.0"
python-versions = "^3.11"
content-hash = "a940abb254fd9cc0ab11f704c2c8088f99b8db391e29d730da5ff1e0dedb9d09"
